
Microsoft Visual Studio Solution File, Format Version 12.00
# Visual Studio Version 16
VisualStudioVersion = 16.0.31112.23
MinimumVisualStudioVersion = 10.0.40219.1
Project("{8BC9CEB8-8B4A-11D0-8D11-00A0C91BC942}") = "OutNet", "OutNet.vcxproj", "{C05E5F8D-5B95-4E49-A8FC-EFF536EB1A8C}"
EndProject
Global
	GlobalSection(SolutionConfigurationPlatforms) = preSolution
		Debug|x64 = Debug|x64
		Debug|x86 = Debug|x86
		Release|x64 = Release|x64
		Release|x86 = Release|x86
	EndGlobalSection
	GlobalSection(ProjectConfigurationPlatforms) = postSolution
		{C05E5F8D-5B95-4E49-A8FC-EFF536EB1A8C}.Debug|x64.ActiveCfg = Debug|x64
		{C05E5F8D-5B95-4E49-A8FC-EFF536EB1A8C}.Debug|x64.Build.0 = Debug|x64
		{C05E5F8D-5B95-4E49-A8FC-EFF536EB1A8C}.Debug|x86.ActiveCfg = Debug|Win32
		{C05E5F8D-5B95-4E49-A8FC-EFF536EB1A8C}.Debug|x86.Build.0 = Debug|Win32
		{C05E5F8D-5B95-4E49-A8FC-EFF536EB1A8C}.Release|x64.ActiveCfg = Release|x64
		{C05E5F8D-5B95-4E49-A8FC-EFF536EB1A8C}.Release|x64.Build.0 = Release|x64
		{C05E5F8D-5B95-4E49-A8FC-EFF536EB1A8C}.Release|x86.ActiveCfg = Release|Win32
		{C05E5F8D-5B95-4E49-A8FC-EFF536EB1A8C}.Release|x86.Build.0 = Release|Win32
	EndGlobalSection
	GlobalSection(SolutionProperties) = preSolution
		HideSolutionNode = FALSE
	EndGlobalSection
	GlobalSection(ExtensibilityGlobals) = postSolution
		SolutionGuid = {D09D99A4-E1BA-4A37-9BC7-18A2012349AE}
	EndGlobalSection
EndGlobal
